
Microsoft Visual Studio Solution File, Format Version 12.00
# Visual Studio Version 17
VisualStudioVersion = 17.9.34701.34
MinimumVisualStudioVersion = 10.0.40219.1
Project("{FAE04EC0-301F-11D3-BF4B-00C04F79EFBC}") = "logic-test", "logic-test\logic-test.csproj", "{3D87548F-56D1-4F49-9B9D-1B25953C6A5F}"
EndProject
Project("{FAE04EC0-301F-11D3-BF4B-00C04F79EFBC}") = "logic-test-tests", "logic-test-tests\logic-test-tests.csproj", "{BAE43913-70A0-4983-820A-7275583ED262}"
	ProjectSection(ProjectDependencies) = postProject
		{3D87548F-56D1-4F49-9B9D-1B25953C6A5F} = {3D87548F-56D1-4F49-9B9D-1B25953C6A5F}
	EndProjectSection
EndProject
Global
	GlobalSection(SolutionConfigurationPlatforms) = preSolution
		Debug|Any CPU = Debug|Any CPU
		Release|Any CPU = Release|Any CPU
	EndGlobalSection
	GlobalSection(ProjectConfigurationPlatforms) = postSolution
		{3D87548F-56D1-4F49-9B9D-1B25953C6A5F}.Debug|Any CPU.ActiveCfg = Debug|Any CPU
		{3D87548F-56D1-4F49-9B9D-1B25953C6A5F}.Debug|Any CPU.Build.0 = Debug|Any CPU
		{3D87548F-56D1-4F49-9B9D-1B25953C6A5F}.Release|Any CPU.ActiveCfg = Release|Any CPU
		{3D87548F-56D1-4F49-9B9D-1B25953C6A5F}.Release|Any CPU.Build.0 = Release|Any CPU
		{BAE43913-70A0-4983-820A-7275583ED262}.Debug|Any CPU.ActiveCfg = Debug|Any CPU
		{BAE43913-70A0-4983-820A-7275583ED262}.Debug|Any CPU.Build.0 = Debug|Any CPU
		{BAE43913-70A0-4983-820A-7275583ED262}.Release|Any CPU.ActiveCfg = Release|Any CPU
		{BAE43913-70A0-4983-820A-7275583ED262}.Release|Any CPU.Build.0 = Release|Any CPU
	EndGlobalSection
	GlobalSection(SolutionProperties) = preSolution
		HideSolutionNode = FALSE
	EndGlobalSection
	GlobalSection(ExtensibilityGlobals) = postSolution
		SolutionGuid = {360A647F-02A8-4129-8A7B-062E631352B9}
	EndGlobalSection
EndGlobal
